{
  "name": "auto_youtube_shorts_scroller",
  "lockfileVersion": 3,
  "requires": true,
  "packages": {
    "": {
      "name": "auto_youtube_shorts_scroller",
      "dependencies": {
        "@types/firefox-webext-browser": "^120.0.0",
        "typescript": "^4.0.3"
      }
    },
    "node_modules/@types/firefox-webext-browser": {
      "version": "120.0.4",
      "resolved": "https://registry.npmjs.org/@types/firefox-webext-browser/-/firefox-webext-browser-120.0.4.tgz",
      "integrity": "sha512-lBrpf08xhiZBigrtdQfUaqX1UauwZ+skbFiL8u2Tdra/rklkKadYmIzTwkNZSWtuZ7OKpFqbE2HHfDoFqvZf6w==",
      "license": "MIT"
    },
    "node_modules/typescript": {
      "version": "4.9.5",
      "resolved": "https://registry.npmjs.org/typescript/-/typescript-4.9.5.tgz",
      "integrity": "sha512-1FXk9E2Hm+QzZQ7z+McJiHL4NW1F2EzMu9Nq9i3zAaGqibafqYwCVU6WyWAuyQRRzOlxou8xZSyXLEN8oKj24g==",
      "license": "Apache-2.0",
      "bin": {
        "tsc": "bin/tsc",
        "tsserver": "bin/tsserver"
      },
      "engines": {
        "node": ">=4.2.0"
      }
    }
  }
}
