# THIS IS AN AUTOGENERATED FILE. DO NOT EDIT THIS FILE DIRECTLY.
# yarn lockfile v1


"@types/firefox-webext-browser@^78.0.0":
  version "78.0.1"
  resolved "https://registry.yarnpkg.com/@types/firefox-webext-browser/-/firefox-webext-browser-78.0.1.tgz#9c3b929c65a8263facac03ab930b0fb0f8addfbb"
  integrity sha512-0d7oiI9K6Y4efP4Crl3JB88zYl7vaRdLtumqz8v6axMF8RCnK0NaGUjL4DnyQ7GLPo98b+s0BSRalaxAXgvPAQ==
